
Microsoft Visual Studio Solution File, Format Version 12.00
# Visual Studio 14
VisualStudioVersion = 14.0.25123.0
MinimumVisualStudioVersion = 10.0.40219.1
Project("{FAE04EC0-301F-11D3-BF4B-00C04F79EFBC}") = "01. Centuries to Minutes", "01. Centuries to Minutes\01. Centuries to Minutes.csproj", "{ABBF09C7-43E1-461D-B01D-6DFC741F430D}"
EndProject
Project("{FAE04EC0-301F-11D3-BF4B-00C04F79EFBC}") = "02. Circle Area (Precision 12)", "02. Circle Area (Precision 12)\02. Circle Area (Precision 12).csproj", "{A751EFAB-22EF-42BD-9C91-D93DC5D43E41}"
EndProject
Project("{FAE04EC0-301F-11D3-BF4B-00C04F79EFBC}") = "03. Exact Sum of Real Numbers", "03. Exact Sum of Real Numbers\03. Exact Sum of Real Numbers.csproj", "{54B5BA86-263F-42FB-BDEA-40242B0604A1}"
EndProject
Project("{FAE04EC0-301F-11D3-BF4B-00C04F79EFBC}") = "04. Elevator", "04. Elevator\04. Elevator.csproj", "{7F734B4B-8B1D-431A-8361-2F0AC5472617}"
EndProject
Project("{FAE04EC0-301F-11D3-BF4B-00C04F79EFBC}") = "05. Special Numbers", "05. Special Numbers\05. Special Numbers.csproj", "{1CD86988-6ECC-4F8B-AF53-FF88700EB7D6}"
EndProject
Project("{FAE04EC0-301F-11D3-BF4B-00C04F79EFBC}") = "06. Triples of Letters", "06. Triples of Letters\06. Triples of Letters.csproj", "{9844BE6A-A07E-4D4F-B142-2D1A4A521BDA}"
EndProject
Project("{FAE04EC0-301F-11D3-BF4B-00C04F79EFBC}") = "07. Greeting", "07. Greeting\07. Greeting.csproj", "{50CF2358-3159-4421-923F-946F3EA0B093}"
EndProject
Project("{FAE04EC0-301F-11D3-BF4B-00C04F79EFBC}") = "08. Filled Square", "08. Filled Square\08. Filled Square.csproj", "{426A119E-B77E-464C-AFBE-5786896505CE}"
EndProject
Global
	GlobalSection(SolutionConfigurationPlatforms) = preSolution
		Debug|Any CPU = Debug|Any CPU
		Release|Any CPU = Release|Any CPU
	EndGlobalSection
	GlobalSection(ProjectConfigurationPlatforms) = postSolution
		{ABBF09C7-43E1-461D-B01D-6DFC741F430D}.Debug|Any CPU.ActiveCfg = Debug|Any CPU
		{ABBF09C7-43E1-461D-B01D-6DFC741F430D}.Debug|Any CPU.Build.0 = Debug|Any CPU
		{ABBF09C7-43E1-461D-B01D-6DFC741F430D}.Release|Any CPU.ActiveCfg = Release|Any CPU
		{ABBF09C7-43E1-461D-B01D-6DFC741F430D}.Release|Any CPU.Build.0 = Release|Any CPU
		{A751EFAB-22EF-42BD-9C91-D93DC5D43E41}.Debug|Any CPU.ActiveCfg = Debug|Any CPU
		{A751EFAB-22EF-42BD-9C91-D93DC5D43E41}.Debug|Any CPU.Build.0 = Debug|Any CPU
		{A751EFAB-22EF-42BD-9C91-D93DC5D43E41}.Release|Any CPU.ActiveCfg = Release|Any CPU
		{A751EFAB-22EF-42BD-9C91-D93DC5D43E41}.Release|Any CPU.Build.0 = Release|Any CPU
		{54B5BA86-263F-42FB-BDEA-40242B0604A1}.Debug|Any CPU.ActiveCfg = Debug|Any CPU
		{54B5BA86-263F-42FB-BDEA-40242B0604A1}.Debug|Any CPU.Build.0 = Debug|Any CPU
		{54B5BA86-263F-42FB-BDEA-40242B0604A1}.Release|Any CPU.ActiveCfg = Release|Any CPU
		{54B5BA86-263F-42FB-BDEA-40242B0604A1}.Release|Any CPU.Build.0 = Release|Any CPU
		{7F734B4B-8B1D-431A-8361-2F0AC5472617}.Debug|Any CPU.ActiveCfg = Debug|Any CPU
		{7F734B4B-8B1D-431A-8361-2F0AC5472617}.Debug|Any CPU.Build.0 = Debug|Any CPU
		{7F734B4B-8B1D-431A-8361-2F0AC5472617}.Release|Any CPU.ActiveCfg = Release|Any CPU
		{7F734B4B-8B1D-431A-8361-2F0AC5472617}.Release|Any CPU.Build.0 = Release|Any CPU
		{1CD86988-6ECC-4F8B-AF53-FF88700EB7D6}.Debug|Any CPU.ActiveCfg = Debug|Any CPU
		{1CD86988-6ECC-4F8B-AF53-FF88700EB7D6}.Debug|Any CPU.Build.0 = Debug|Any CPU
		{1CD86988-6ECC-4F8B-AF53-FF88700EB7D6}.Release|Any CPU.ActiveCfg = Release|Any CPU
		{1CD86988-6ECC-4F8B-AF53-FF88700EB7D6}.Release|Any CPU.Build.0 = Release|Any CPU
		{9844BE6A-A07E-4D4F-B142-2D1A4A521BDA}.Debug|Any CPU.ActiveCfg = Debug|Any CPU
		{9844BE6A-A07E-4D4F-B142-2D1A4A521BDA}.Debug|Any CPU.Build.0 = Debug|Any CPU
		{9844BE6A-A07E-4D4F-B142-2D1A4A521BDA}.Release|Any CPU.ActiveCfg = Release|Any CPU
		{9844BE6A-A07E-4D4F-B142-2D1A4A521BDA}.Release|Any CPU.Build.0 = Release|Any CPU
		{50CF2358-3159-4421-923F-946F3EA0B093}.Debug|Any CPU.ActiveCfg = Debug|Any CPU
		{50CF2358-3159-4421-923F-946F3EA0B093}.Debug|Any CPU.Build.0 = Debug|Any CPU
		{50CF2358-3159-4421-923F-946F3EA0B093}.Release|Any CPU.ActiveCfg = Release|Any CPU
		{50CF2358-3159-4421-923F-946F3EA0B093}.Release|Any CPU.Build.0 = Release|Any CPU
		{426A119E-B77E-464C-AFBE-5786896505CE}.Debug|Any CPU.ActiveCfg = Debug|Any CPU
		{426A119E-B77E-464C-AFBE-5786896505CE}.Debug|Any CPU.Build.0 = Debug|Any CPU
		{426A119E-B77E-464C-AFBE-5786896505CE}.Release|Any CPU.ActiveCfg = Release|Any CPU
		{426A119E-B77E-464C-AFBE-5786896505CE}.Release|Any CPU.Build.0 = Release|Any CPU
	EndGlobalSection
	GlobalSection(SolutionProperties) = preSolution
		HideSolutionNode = FALSE
	EndGlobalSection
EndGlobal
