
Microsoft Visual Studio Solution File, Format Version 12.00
# Visual Studio 14
VisualStudioVersion = 14.0.25420.1
MinimumVisualStudioVersion = 10.0.40219.1
Project("{FAE04EC0-301F-11D3-BF4B-00C04F79EFBC}") = "01. Day of Week", "01. Day of Week\01. Day of Week.csproj", "{63C98704-BC81-48DE-BCA4-CF9155A32E67}"
EndProject
Project("{FAE04EC0-301F-11D3-BF4B-00C04F79EFBC}") = "02. Reverse Array of Integers", "02. Reverse Array of Integers\02. Reverse Array of Integers.csproj", "{AC178749-1DC2-46B6-AA92-E0D464CA8CED}"
EndProject
Project("{FAE04EC0-301F-11D3-BF4B-00C04F79EFBC}") = "03. Sum, Min, Max, First, Last, Average", "03. Sum, Min, Max, First, Last, Average\03. Sum, Min, Max, First, Last, Average.csproj", "{93EB05AC-A436-46D1-910E-B7E388BC73A3}"
EndProject
Project("{FAE04EC0-301F-11D3-BF4B-00C04F79EFBC}") = "04. Last K Numbers Sums", "04. Last K Numbers Sums\04. Last K Numbers Sums.csproj", "{43A98775-279C-4F23-B68D-0437A08BEF78}"
EndProject
Project("{FAE04EC0-301F-11D3-BF4B-00C04F79EFBC}") = "05. Tripple Sum", "05. Tripple Sum\05. Tripple Sum.csproj", "{9567E3B9-D2AD-4A77-BB28-690F7FE8CB29}"
EndProject
Project("{FAE04EC0-301F-11D3-BF4B-00C04F79EFBC}") = "06. Rounding Numbers", "06. Rounding Numbers\06. Rounding Numbers.csproj", "{FFB56C8E-A8F3-4E29-BD9C-AAC3A5BFBBD6}"
EndProject
Project("{FAE04EC0-301F-11D3-BF4B-00C04F79EFBC}") = "07. Reverse Array of Strings", "07. Reverse Array of Strings\07. Reverse Array of Strings.csproj", "{8000D0C4-3C85-402D-AF39-2CC019480EB9}"
EndProject
Project("{FAE04EC0-301F-11D3-BF4B-00C04F79EFBC}") = "08. Sum Arrays", "08. Sum Arrays\08. Sum Arrays.csproj", "{4453BFD4-6FD9-45FF-9449-D81DE5187B73}"
EndProject
Project("{FAE04EC0-301F-11D3-BF4B-00C04F79EFBC}") = "09. Condense Array to Number", "09. Condense Array to Number\09. Condense Array to Number.csproj", "{E677D460-E8BC-46B8-A927-1F727B00DDE0}"
EndProject
Project("{FAE04EC0-301F-11D3-BF4B-00C04F79EFBC}") = "10. Extract Middle Elements", "10. Extract Middle Elements\10. Extract Middle Elements.csproj", "{023D0F25-6B77-4574-B827-BD59455920A7}"
EndProject
Global
	GlobalSection(SolutionConfigurationPlatforms) = preSolution
		Debug|Any CPU = Debug|Any CPU
		Release|Any CPU = Release|Any CPU
	EndGlobalSection
	GlobalSection(ProjectConfigurationPlatforms) = postSolution
		{63C98704-BC81-48DE-BCA4-CF9155A32E67}.Debug|Any CPU.ActiveCfg = Debug|Any CPU
		{63C98704-BC81-48DE-BCA4-CF9155A32E67}.Debug|Any CPU.Build.0 = Debug|Any CPU
		{63C98704-BC81-48DE-BCA4-CF9155A32E67}.Release|Any CPU.ActiveCfg = Release|Any CPU
		{63C98704-BC81-48DE-BCA4-CF9155A32E67}.Release|Any CPU.Build.0 = Release|Any CPU
		{AC178749-1DC2-46B6-AA92-E0D464CA8CED}.Debug|Any CPU.ActiveCfg = Debug|Any CPU
		{AC178749-1DC2-46B6-AA92-E0D464CA8CED}.Debug|Any CPU.Build.0 = Debug|Any CPU
		{AC178749-1DC2-46B6-AA92-E0D464CA8CED}.Release|Any CPU.ActiveCfg = Release|Any CPU
		{AC178749-1DC2-46B6-AA92-E0D464CA8CED}.Release|Any CPU.Build.0 = Release|Any CPU
		{93EB05AC-A436-46D1-910E-B7E388BC73A3}.Debug|Any CPU.ActiveCfg = Debug|Any CPU
		{93EB05AC-A436-46D1-910E-B7E388BC73A3}.Debug|Any CPU.Build.0 = Debug|Any CPU
		{93EB05AC-A436-46D1-910E-B7E388BC73A3}.Release|Any CPU.ActiveCfg = Release|Any CPU
		{93EB05AC-A436-46D1-910E-B7E388BC73A3}.Release|Any CPU.Build.0 = Release|Any CPU
		{43A98775-279C-4F23-B68D-0437A08BEF78}.Debug|Any CPU.ActiveCfg = Debug|Any CPU
		{43A98775-279C-4F23-B68D-0437A08BEF78}.Debug|Any CPU.Build.0 = Debug|Any CPU
		{43A98775-279C-4F23-B68D-0437A08BEF78}.Release|Any CPU.ActiveCfg = Release|Any CPU
		{43A98775-279C-4F23-B68D-0437A08BEF78}.Release|Any CPU.Build.0 = Release|Any CPU
		{9567E3B9-D2AD-4A77-BB28-690F7FE8CB29}.Debug|Any CPU.ActiveCfg = Debug|Any CPU
		{9567E3B9-D2AD-4A77-BB28-690F7FE8CB29}.Debug|Any CPU.Build.0 = Debug|Any CPU
		{9567E3B9-D2AD-4A77-BB28-690F7FE8CB29}.Release|Any CPU.ActiveCfg = Release|Any CPU
		{9567E3B9-D2AD-4A77-BB28-690F7FE8CB29}.Release|Any CPU.Build.0 = Release|Any CPU
		{FFB56C8E-A8F3-4E29-BD9C-AAC3A5BFBBD6}.Debug|Any CPU.ActiveCfg = Debug|Any CPU
		{FFB56C8E-A8F3-4E29-BD9C-AAC3A5BFBBD6}.Debug|Any CPU.Build.0 = Debug|Any CPU
		{FFB56C8E-A8F3-4E29-BD9C-AAC3A5BFBBD6}.Release|Any CPU.ActiveCfg = Release|Any CPU
		{FFB56C8E-A8F3-4E29-BD9C-AAC3A5BFBBD6}.Release|Any CPU.Build.0 = Release|Any CPU
		{8000D0C4-3C85-402D-AF39-2CC019480EB9}.Debug|Any CPU.ActiveCfg = Debug|Any CPU
		{8000D0C4-3C85-402D-AF39-2CC019480EB9}.Debug|Any CPU.Build.0 = Debug|Any CPU
		{8000D0C4-3C85-402D-AF39-2CC019480EB9}.Release|Any CPU.ActiveCfg = Release|Any CPU
		{8000D0C4-3C85-402D-AF39-2CC019480EB9}.Release|Any CPU.Build.0 = Release|Any CPU
		{4453BFD4-6FD9-45FF-9449-D81DE5187B73}.Debug|Any CPU.ActiveCfg = Debug|Any CPU
		{4453BFD4-6FD9-45FF-9449-D81DE5187B73}.Debug|Any CPU.Build.0 = Debug|Any CPU
		{4453BFD4-6FD9-45FF-9449-D81DE5187B73}.Release|Any CPU.ActiveCfg = Release|Any CPU
		{4453BFD4-6FD9-45FF-9449-D81DE5187B73}.Release|Any CPU.Build.0 = Release|Any CPU
		{E677D460-E8BC-46B8-A927-1F727B00DDE0}.Debug|Any CPU.ActiveCfg = Debug|Any CPU
		{E677D460-E8BC-46B8-A927-1F727B00DDE0}.Debug|Any CPU.Build.0 = Debug|Any CPU
		{E677D460-E8BC-46B8-A927-1F727B00DDE0}.Release|Any CPU.ActiveCfg = Release|Any CPU
		{E677D460-E8BC-46B8-A927-1F727B00DDE0}.Release|Any CPU.Build.0 = Release|Any CPU
		{023D0F25-6B77-4574-B827-BD59455920A7}.Debug|Any CPU.ActiveCfg = Debug|Any CPU
		{023D0F25-6B77-4574-B827-BD59455920A7}.Debug|Any CPU.Build.0 = Debug|Any CPU
		{023D0F25-6B77-4574-B827-BD59455920A7}.Release|Any CPU.ActiveCfg = Release|Any CPU
		{023D0F25-6B77-4574-B827-BD59455920A7}.Release|Any CPU.Build.0 = Release|Any CPU
	EndGlobalSection
	GlobalSection(SolutionProperties) = preSolution
		HideSolutionNode = FALSE
	EndGlobalSection
EndGlobal
