
Microsoft Visual Studio Solution File, Format Version 12.00
# Visual Studio 14
VisualStudioVersion = 14.0.25420.1
MinimumVisualStudioVersion = 10.0.40219.1
Project("{FAE04EC0-301F-11D3-BF4B-00C04F79EFBC}") = "01. Odd or Even", "01. Odd or Even\01. Odd or Even.csproj", "{1FD7F30F-49C8-465E-9164-0E0955F2EE96}"
EndProject
Project("{FAE04EC0-301F-11D3-BF4B-00C04F79EFBC}") = "02. Moon Gravity", "02. Moon Gravity\02. Moon Gravity.csproj", "{1D08AA6E-2224-4501-95ED-72203FA7AB31}"
EndProject
Project("{FAE04EC0-301F-11D3-BF4B-00C04F79EFBC}") = "03. Divide by 7 and 5", "03. Divide by 7 and 5\03. Divide by 7 and 5.csproj", "{518F01CB-803B-4956-953F-16E1557CB84A}"
EndProject
Project("{FAE04EC0-301F-11D3-BF4B-00C04F79EFBC}") = "04. Rectangles", "04. Rectangles\04. Rectangles.csproj", "{F534B2DD-A6DC-41B3-A784-26A1926B65A3}"
EndProject
Project("{FAE04EC0-301F-11D3-BF4B-00C04F79EFBC}") = "05. Third Digit", "05. Third Digit\05. Third Digit.csproj", "{1412EA9B-5D0B-40B8-AF20-770991088BA5}"
EndProject
Project("{FAE04EC0-301F-11D3-BF4B-00C04F79EFBC}") = "06. Four digits", "06. Four digits\06. Four digits.csproj", "{64615DB2-FD5B-45CE-ADBB-ECA67FA49F24}"
EndProject
Project("{FAE04EC0-301F-11D3-BF4B-00C04F79EFBC}") = "07. Point in a circle", "07. Point in a circle\07. Point in a circle.csproj", "{3245CC39-28CB-4840-ADAB-8B4EB555DC89}"
EndProject
Project("{FAE04EC0-301F-11D3-BF4B-00C04F79EFBC}") = "08. Prime Check", "08. Prime Check\08. Prime Check.csproj", "{C2C5627E-F780-4E33-A9EE-25D8D55650B6}"
EndProject
Project("{FAE04EC0-301F-11D3-BF4B-00C04F79EFBC}") = "09. Trapezoids", "09. Trapezoids\09. Trapezoids.csproj", "{8B57F934-260F-4CFA-8A12-B3CEE3F37A00}"
EndProject
Project("{FAE04EC0-301F-11D3-BF4B-00C04F79EFBC}") = "10. Point Circle Rectangle", "10. Point Circle Rectangle\10. Point Circle Rectangle.csproj", "{E77F1EAF-9B5B-4A37-8553-E4A12AC0AAE9}"
EndProject
Project("{FAE04EC0-301F-11D3-BF4B-00C04F79EFBC}") = "11. 3rd Bit", "11. 3rd Bit\11. 3rd Bit.csproj", "{54DFC5E9-1CB4-416B-8D64-056B1B37BA31}"
EndProject
Project("{FAE04EC0-301F-11D3-BF4B-00C04F79EFBC}") = "12. N-th Bit", "12. N-th Bit\12. N-th Bit.csproj", "{C16EEDF8-C900-4EC3-94E3-3ABD39694B0F}"
EndProject
Project("{FAE04EC0-301F-11D3-BF4B-00C04F79EFBC}") = "13. Modify Bit", "13. Modify Bit\13. Modify Bit.csproj", "{D897D26A-643E-4A8E-9423-EDDFD0479C2C}"
EndProject
Project("{FAE04EC0-301F-11D3-BF4B-00C04F79EFBC}") = "14. BitExchange", "14. BitExchange\14. BitExchange.csproj", "{AFFC0200-5045-4477-B821-A44CD9E0DB4E}"
EndProject
Project("{FAE04EC0-301F-11D3-BF4B-00C04F79EFBC}") = "15. BitSwap", "15. BitSwap\15. BitSwap.csproj", "{29EF0205-FB02-4F09-AAC9-C34EC0C1E9AD}"
EndProject
Global
	GlobalSection(SolutionConfigurationPlatforms) = preSolution
		Debug|Any CPU = Debug|Any CPU
		Release|Any CPU = Release|Any CPU
	EndGlobalSection
	GlobalSection(ProjectConfigurationPlatforms) = postSolution
		{1FD7F30F-49C8-465E-9164-0E0955F2EE96}.Debug|Any CPU.ActiveCfg = Debug|Any CPU
		{1FD7F30F-49C8-465E-9164-0E0955F2EE96}.Debug|Any CPU.Build.0 = Debug|Any CPU
		{1FD7F30F-49C8-465E-9164-0E0955F2EE96}.Release|Any CPU.ActiveCfg = Release|Any CPU
		{1FD7F30F-49C8-465E-9164-0E0955F2EE96}.Release|Any CPU.Build.0 = Release|Any CPU
		{1D08AA6E-2224-4501-95ED-72203FA7AB31}.Debug|Any CPU.ActiveCfg = Debug|Any CPU
		{1D08AA6E-2224-4501-95ED-72203FA7AB31}.Debug|Any CPU.Build.0 = Debug|Any CPU
		{1D08AA6E-2224-4501-95ED-72203FA7AB31}.Release|Any CPU.ActiveCfg = Release|Any CPU
		{1D08AA6E-2224-4501-95ED-72203FA7AB31}.Release|Any CPU.Build.0 = Release|Any CPU
		{518F01CB-803B-4956-953F-16E1557CB84A}.Debug|Any CPU.ActiveCfg = Debug|Any CPU
		{518F01CB-803B-4956-953F-16E1557CB84A}.Debug|Any CPU.Build.0 = Debug|Any CPU
		{518F01CB-803B-4956-953F-16E1557CB84A}.Release|Any CPU.ActiveCfg = Release|Any CPU
		{518F01CB-803B-4956-953F-16E1557CB84A}.Release|Any CPU.Build.0 = Release|Any CPU
		{F534B2DD-A6DC-41B3-A784-26A1926B65A3}.Debug|Any CPU.ActiveCfg = Debug|Any CPU
		{F534B2DD-A6DC-41B3-A784-26A1926B65A3}.Debug|Any CPU.Build.0 = Debug|Any CPU
		{F534B2DD-A6DC-41B3-A784-26A1926B65A3}.Release|Any CPU.ActiveCfg = Release|Any CPU
		{F534B2DD-A6DC-41B3-A784-26A1926B65A3}.Release|Any CPU.Build.0 = Release|Any CPU
		{1412EA9B-5D0B-40B8-AF20-770991088BA5}.Debug|Any CPU.ActiveCfg = Debug|Any CPU
		{1412EA9B-5D0B-40B8-AF20-770991088BA5}.Debug|Any CPU.Build.0 = Debug|Any CPU
		{1412EA9B-5D0B-40B8-AF20-770991088BA5}.Release|Any CPU.ActiveCfg = Release|Any CPU
		{1412EA9B-5D0B-40B8-AF20-770991088BA5}.Release|Any CPU.Build.0 = Release|Any CPU
		{64615DB2-FD5B-45CE-ADBB-ECA67FA49F24}.Debug|Any CPU.ActiveCfg = Debug|Any CPU
		{64615DB2-FD5B-45CE-ADBB-ECA67FA49F24}.Debug|Any CPU.Build.0 = Debug|Any CPU
		{64615DB2-FD5B-45CE-ADBB-ECA67FA49F24}.Release|Any CPU.ActiveCfg = Release|Any CPU
		{64615DB2-FD5B-45CE-ADBB-ECA67FA49F24}.Release|Any CPU.Build.0 = Release|Any CPU
		{3245CC39-28CB-4840-ADAB-8B4EB555DC89}.Debug|Any CPU.ActiveCfg = Debug|Any CPU
		{3245CC39-28CB-4840-ADAB-8B4EB555DC89}.Debug|Any CPU.Build.0 = Debug|Any CPU
		{3245CC39-28CB-4840-ADAB-8B4EB555DC89}.Release|Any CPU.ActiveCfg = Release|Any CPU
		{3245CC39-28CB-4840-ADAB-8B4EB555DC89}.Release|Any CPU.Build.0 = Release|Any CPU
		{C2C5627E-F780-4E33-A9EE-25D8D55650B6}.Debug|Any CPU.ActiveCfg = Debug|Any CPU
		{C2C5627E-F780-4E33-A9EE-25D8D55650B6}.Debug|Any CPU.Build.0 = Debug|Any CPU
		{C2C5627E-F780-4E33-A9EE-25D8D55650B6}.Release|Any CPU.ActiveCfg = Release|Any CPU
		{C2C5627E-F780-4E33-A9EE-25D8D55650B6}.Release|Any CPU.Build.0 = Release|Any CPU
		{8B57F934-260F-4CFA-8A12-B3CEE3F37A00}.Debug|Any CPU.ActiveCfg = Debug|Any CPU
		{8B57F934-260F-4CFA-8A12-B3CEE3F37A00}.Debug|Any CPU.Build.0 = Debug|Any CPU
		{8B57F934-260F-4CFA-8A12-B3CEE3F37A00}.Release|Any CPU.ActiveCfg = Release|Any CPU
		{8B57F934-260F-4CFA-8A12-B3CEE3F37A00}.Release|Any CPU.Build.0 = Release|Any CPU
		{E77F1EAF-9B5B-4A37-8553-E4A12AC0AAE9}.Debug|Any CPU.ActiveCfg = Debug|Any CPU
		{E77F1EAF-9B5B-4A37-8553-E4A12AC0AAE9}.Debug|Any CPU.Build.0 = Debug|Any CPU
		{E77F1EAF-9B5B-4A37-8553-E4A12AC0AAE9}.Release|Any CPU.ActiveCfg = Release|Any CPU
		{E77F1EAF-9B5B-4A37-8553-E4A12AC0AAE9}.Release|Any CPU.Build.0 = Release|Any CPU
		{54DFC5E9-1CB4-416B-8D64-056B1B37BA31}.Debug|Any CPU.ActiveCfg = Debug|Any CPU
		{54DFC5E9-1CB4-416B-8D64-056B1B37BA31}.Debug|Any CPU.Build.0 = Debug|Any CPU
		{54DFC5E9-1CB4-416B-8D64-056B1B37BA31}.Release|Any CPU.ActiveCfg = Release|Any CPU
		{54DFC5E9-1CB4-416B-8D64-056B1B37BA31}.Release|Any CPU.Build.0 = Release|Any CPU
		{C16EEDF8-C900-4EC3-94E3-3ABD39694B0F}.Debug|Any CPU.ActiveCfg = Debug|Any CPU
		{C16EEDF8-C900-4EC3-94E3-3ABD39694B0F}.Debug|Any CPU.Build.0 = Debug|Any CPU
		{C16EEDF8-C900-4EC3-94E3-3ABD39694B0F}.Release|Any CPU.ActiveCfg = Release|Any CPU
		{C16EEDF8-C900-4EC3-94E3-3ABD39694B0F}.Release|Any CPU.Build.0 = Release|Any CPU
		{D897D26A-643E-4A8E-9423-EDDFD0479C2C}.Debug|Any CPU.ActiveCfg = Debug|Any CPU
		{D897D26A-643E-4A8E-9423-EDDFD0479C2C}.Debug|Any CPU.Build.0 = Debug|Any CPU
		{D897D26A-643E-4A8E-9423-EDDFD0479C2C}.Release|Any CPU.ActiveCfg = Release|Any CPU
		{D897D26A-643E-4A8E-9423-EDDFD0479C2C}.Release|Any CPU.Build.0 = Release|Any CPU
		{AFFC0200-5045-4477-B821-A44CD9E0DB4E}.Debug|Any CPU.ActiveCfg = Debug|Any CPU
		{AFFC0200-5045-4477-B821-A44CD9E0DB4E}.Debug|Any CPU.Build.0 = Debug|Any CPU
		{AFFC0200-5045-4477-B821-A44CD9E0DB4E}.Release|Any CPU.ActiveCfg = Release|Any CPU
		{AFFC0200-5045-4477-B821-A44CD9E0DB4E}.Release|Any CPU.Build.0 = Release|Any CPU
		{29EF0205-FB02-4F09-AAC9-C34EC0C1E9AD}.Debug|Any CPU.ActiveCfg = Debug|Any CPU
		{29EF0205-FB02-4F09-AAC9-C34EC0C1E9AD}.Debug|Any CPU.Build.0 = Debug|Any CPU
		{29EF0205-FB02-4F09-AAC9-C34EC0C1E9AD}.Release|Any CPU.ActiveCfg = Release|Any CPU
		{29EF0205-FB02-4F09-AAC9-C34EC0C1E9AD}.Release|Any CPU.Build.0 = Release|Any CPU
	EndGlobalSection
	GlobalSection(SolutionProperties) = preSolution
		HideSolutionNode = FALSE
	EndGlobalSection
EndGlobal
