
Microsoft Visual Studio Solution File, Format Version 12.00
# Visual Studio 14
VisualStudioVersion = 14.0.25420.1
MinimumVisualStudioVersion = 10.0.40219.1
Project("{FAE04EC0-301F-11D3-BF4B-00C04F79EFBC}") = "1. Money", "1. Money\1. Money.csproj", "{6BD255B3-DECA-4B38-B23E-3BEC4B3BBFEA}"
EndProject
Project("{FAE04EC0-301F-11D3-BF4B-00C04F79EFBC}") = "2. Harvest", "2. Harvest\2. Harvest.csproj", "{A1338292-7673-4E60-A03D-0BB8D4878F93}"
EndProject
Global
	GlobalSection(SolutionConfigurationPlatforms) = preSolution
		Debug|Any CPU = Debug|Any CPU
		Release|Any CPU = Release|Any CPU
	EndGlobalSection
	GlobalSection(ProjectConfigurationPlatforms) = postSolution
		{6BD255B3-DECA-4B38-B23E-3BEC4B3BBFEA}.Debug|Any CPU.ActiveCfg = Debug|Any CPU
		{6BD255B3-DECA-4B38-B23E-3BEC4B3BBFEA}.Debug|Any CPU.Build.0 = Debug|Any CPU
		{6BD255B3-DECA-4B38-B23E-3BEC4B3BBFEA}.Release|Any CPU.ActiveCfg = Release|Any CPU
		{6BD255B3-DECA-4B38-B23E-3BEC4B3BBFEA}.Release|Any CPU.Build.0 = Release|Any CPU
		{A1338292-7673-4E60-A03D-0BB8D4878F93}.Debug|Any CPU.ActiveCfg = Debug|Any CPU
		{A1338292-7673-4E60-A03D-0BB8D4878F93}.Debug|Any CPU.Build.0 = Debug|Any CPU
		{A1338292-7673-4E60-A03D-0BB8D4878F93}.Release|Any CPU.ActiveCfg = Release|Any CPU
		{A1338292-7673-4E60-A03D-0BB8D4878F93}.Release|Any CPU.Build.0 = Release|Any CPU
	EndGlobalSection
	GlobalSection(SolutionProperties) = preSolution
		HideSolutionNode = FALSE
	EndGlobalSection
EndGlobal
