
Microsoft Visual Studio Solution File, Format Version 12.00
# Visual Studio 14
VisualStudioVersion = 14.0.25420.1
MinimumVisualStudioVersion = 10.0.40219.1
Project("{FAE04EC0-301F-11D3-BF4B-00C04F79EFBC}") = "01. Sum of 3 numbers", "01. Sum of 3 numbers\01. Sum of 3 numbers.csproj", "{468283A2-2A2C-436B-B484-ECC5307EF5B9}"
EndProject
Project("{FAE04EC0-301F-11D3-BF4B-00C04F79EFBC}") = "02. Company Info", "02. Company Info\02. Company Info.csproj", "{BE5F7216-8A7A-4B9F-B791-677F79F35CC4}"
EndProject
Project("{FAE04EC0-301F-11D3-BF4B-00C04F79EFBC}") = "03. Circle", "03. Circle\03. Circle.csproj", "{DB48954A-6317-4E00-9365-A81FF37181EF}"
EndProject
Project("{FAE04EC0-301F-11D3-BF4B-00C04F79EFBC}") = "05. Numbers Comparer", "05. Numbers Comparer\05. Numbers Comparer.csproj", "{2E91069C-4067-4D49-A375-1290C4161269}"
EndProject
Project("{FAE04EC0-301F-11D3-BF4B-00C04F79EFBC}") = "04. Formatting Numbers", "04. Formatting Numbers\04. Formatting Numbers.csproj", "{76B3DFE9-BA9F-469D-8753-8086E0DEB69B}"
EndProject
Project("{FAE04EC0-301F-11D3-BF4B-00C04F79EFBC}") = "06. Quadratic Equation", "06. Quadratic Equation\06. Quadratic Equation.csproj", "{4749178B-E155-4A05-A669-8FCC0CDF3576}"
EndProject
Project("{FAE04EC0-301F-11D3-BF4B-00C04F79EFBC}") = "07. Sum of 5 numbers", "07. Sum of 5 numbers\07. Sum of 5 numbers.csproj", "{380C8C35-8522-4DB2-9976-376095960B5C}"
EndProject
Project("{FAE04EC0-301F-11D3-BF4B-00C04F79EFBC}") = "08. Numbers from 1 to N", "08. Numbers from 1 to N\08. Numbers from 1 to N.csproj", "{AD31764A-05B7-41B8-BAAA-428BC54FAE54}"
EndProject
Project("{FAE04EC0-301F-11D3-BF4B-00C04F79EFBC}") = "09. Sum of N Numbers", "09. Sum of N Numbers\09. Sum of N Numbers.csproj", "{A06AE7F7-4A83-4C1C-8C56-40BDB805BE57}"
EndProject
Project("{FAE04EC0-301F-11D3-BF4B-00C04F79EFBC}") = "10. Fibonacci Numbers", "10. Fibonacci Numbers\10. Fibonacci Numbers.csproj", "{20EA2645-88BA-44A2-B09B-B565B2144323}"
EndProject
Project("{FAE04EC0-301F-11D3-BF4B-00C04F79EFBC}") = "11. Interval", "11. Interval\11. Interval.csproj", "{74893F8F-02FA-43C7-BBAE-2C04A36534E4}"
EndProject
Global
	GlobalSection(SolutionConfigurationPlatforms) = preSolution
		Debug|Any CPU = Debug|Any CPU
		Release|Any CPU = Release|Any CPU
	EndGlobalSection
	GlobalSection(ProjectConfigurationPlatforms) = postSolution
		{468283A2-2A2C-436B-B484-ECC5307EF5B9}.Debug|Any CPU.ActiveCfg = Debug|Any CPU
		{468283A2-2A2C-436B-B484-ECC5307EF5B9}.Debug|Any CPU.Build.0 = Debug|Any CPU
		{468283A2-2A2C-436B-B484-ECC5307EF5B9}.Release|Any CPU.ActiveCfg = Release|Any CPU
		{468283A2-2A2C-436B-B484-ECC5307EF5B9}.Release|Any CPU.Build.0 = Release|Any CPU
		{BE5F7216-8A7A-4B9F-B791-677F79F35CC4}.Debug|Any CPU.ActiveCfg = Debug|Any CPU
		{BE5F7216-8A7A-4B9F-B791-677F79F35CC4}.Debug|Any CPU.Build.0 = Debug|Any CPU
		{BE5F7216-8A7A-4B9F-B791-677F79F35CC4}.Release|Any CPU.ActiveCfg = Release|Any CPU
		{BE5F7216-8A7A-4B9F-B791-677F79F35CC4}.Release|Any CPU.Build.0 = Release|Any CPU
		{DB48954A-6317-4E00-9365-A81FF37181EF}.Debug|Any CPU.ActiveCfg = Debug|Any CPU
		{DB48954A-6317-4E00-9365-A81FF37181EF}.Debug|Any CPU.Build.0 = Debug|Any CPU
		{DB48954A-6317-4E00-9365-A81FF37181EF}.Release|Any CPU.ActiveCfg = Release|Any CPU
		{DB48954A-6317-4E00-9365-A81FF37181EF}.Release|Any CPU.Build.0 = Release|Any CPU
		{2E91069C-4067-4D49-A375-1290C4161269}.Debug|Any CPU.ActiveCfg = Debug|Any CPU
		{2E91069C-4067-4D49-A375-1290C4161269}.Debug|Any CPU.Build.0 = Debug|Any CPU
		{2E91069C-4067-4D49-A375-1290C4161269}.Release|Any CPU.ActiveCfg = Release|Any CPU
		{2E91069C-4067-4D49-A375-1290C4161269}.Release|Any CPU.Build.0 = Release|Any CPU
		{76B3DFE9-BA9F-469D-8753-8086E0DEB69B}.Debug|Any CPU.ActiveCfg = Debug|Any CPU
		{76B3DFE9-BA9F-469D-8753-8086E0DEB69B}.Debug|Any CPU.Build.0 = Debug|Any CPU
		{76B3DFE9-BA9F-469D-8753-8086E0DEB69B}.Release|Any CPU.ActiveCfg = Release|Any CPU
		{76B3DFE9-BA9F-469D-8753-8086E0DEB69B}.Release|Any CPU.Build.0 = Release|Any CPU
		{4749178B-E155-4A05-A669-8FCC0CDF3576}.Debug|Any CPU.ActiveCfg = Debug|Any CPU
		{4749178B-E155-4A05-A669-8FCC0CDF3576}.Debug|Any CPU.Build.0 = Debug|Any CPU
		{4749178B-E155-4A05-A669-8FCC0CDF3576}.Release|Any CPU.ActiveCfg = Release|Any CPU
		{4749178B-E155-4A05-A669-8FCC0CDF3576}.Release|Any CPU.Build.0 = Release|Any CPU
		{380C8C35-8522-4DB2-9976-376095960B5C}.Debug|Any CPU.ActiveCfg = Debug|Any CPU
		{380C8C35-8522-4DB2-9976-376095960B5C}.Debug|Any CPU.Build.0 = Debug|Any CPU
		{380C8C35-8522-4DB2-9976-376095960B5C}.Release|Any CPU.ActiveCfg = Release|Any CPU
		{380C8C35-8522-4DB2-9976-376095960B5C}.Release|Any CPU.Build.0 = Release|Any CPU
		{AD31764A-05B7-41B8-BAAA-428BC54FAE54}.Debug|Any CPU.ActiveCfg = Debug|Any CPU
		{AD31764A-05B7-41B8-BAAA-428BC54FAE54}.Debug|Any CPU.Build.0 = Debug|Any CPU
		{AD31764A-05B7-41B8-BAAA-428BC54FAE54}.Release|Any CPU.ActiveCfg = Release|Any CPU
		{AD31764A-05B7-41B8-BAAA-428BC54FAE54}.Release|Any CPU.Build.0 = Release|Any CPU
		{A06AE7F7-4A83-4C1C-8C56-40BDB805BE57}.Debug|Any CPU.ActiveCfg = Debug|Any CPU
		{A06AE7F7-4A83-4C1C-8C56-40BDB805BE57}.Debug|Any CPU.Build.0 = Debug|Any CPU
		{A06AE7F7-4A83-4C1C-8C56-40BDB805BE57}.Release|Any CPU.ActiveCfg = Release|Any CPU
		{A06AE7F7-4A83-4C1C-8C56-40BDB805BE57}.Release|Any CPU.Build.0 = Release|Any CPU
		{20EA2645-88BA-44A2-B09B-B565B2144323}.Debug|Any CPU.ActiveCfg = Debug|Any CPU
		{20EA2645-88BA-44A2-B09B-B565B2144323}.Debug|Any CPU.Build.0 = Debug|Any CPU
		{20EA2645-88BA-44A2-B09B-B565B2144323}.Release|Any CPU.ActiveCfg = Release|Any CPU
		{20EA2645-88BA-44A2-B09B-B565B2144323}.Release|Any CPU.Build.0 = Release|Any CPU
		{74893F8F-02FA-43C7-BBAE-2C04A36534E4}.Debug|Any CPU.ActiveCfg = Debug|Any CPU
		{74893F8F-02FA-43C7-BBAE-2C04A36534E4}.Debug|Any CPU.Build.0 = Debug|Any CPU
		{74893F8F-02FA-43C7-BBAE-2C04A36534E4}.Release|Any CPU.ActiveCfg = Release|Any CPU
		{74893F8F-02FA-43C7-BBAE-2C04A36534E4}.Release|Any CPU.Build.0 = Release|Any CPU
	EndGlobalSection
	GlobalSection(SolutionProperties) = preSolution
		HideSolutionNode = FALSE
	EndGlobalSection
EndGlobal
