
Microsoft Visual Studio Solution File, Format Version 12.00
# Visual Studio 14
VisualStudioVersion = 14.0.25420.1
MinimumVisualStudioVersion = 10.0.40219.1
Project("{FAE04EC0-301F-11D3-BF4B-00C04F79EFBC}") = "07. Quotes in Strings", "07. Quotes in Strings\07. Quotes in Strings.csproj", "{43C6FDDA-17D8-4543-85D4-C8C74D3E4283}"
EndProject
Project("{FAE04EC0-301F-11D3-BF4B-00C04F79EFBC}") = "13. Comparing Floats", "13. Comparing Floats\13. Comparing Floats.csproj", "{6993D871-E99E-4302-B89F-0B9CBB606ED9}"
EndProject
Project("{FAE04EC0-301F-11D3-BF4B-00C04F79EFBC}") = "14. Print the ASCII Table", "14. Print the ASCII Table\14. Print the ASCII Table.csproj", "{7B484320-98EA-47F3-8015-7B0B9C55417D}"
EndProject
Global
	GlobalSection(SolutionConfigurationPlatforms) = preSolution
		Debug|Any CPU = Debug|Any CPU
		Release|Any CPU = Release|Any CPU
	EndGlobalSection
	GlobalSection(ProjectConfigurationPlatforms) = postSolution
		{43C6FDDA-17D8-4543-85D4-C8C74D3E4283}.Debug|Any CPU.ActiveCfg = Debug|Any CPU
		{43C6FDDA-17D8-4543-85D4-C8C74D3E4283}.Debug|Any CPU.Build.0 = Debug|Any CPU
		{43C6FDDA-17D8-4543-85D4-C8C74D3E4283}.Release|Any CPU.ActiveCfg = Release|Any CPU
		{43C6FDDA-17D8-4543-85D4-C8C74D3E4283}.Release|Any CPU.Build.0 = Release|Any CPU
		{6993D871-E99E-4302-B89F-0B9CBB606ED9}.Debug|Any CPU.ActiveCfg = Debug|Any CPU
		{6993D871-E99E-4302-B89F-0B9CBB606ED9}.Debug|Any CPU.Build.0 = Debug|Any CPU
		{6993D871-E99E-4302-B89F-0B9CBB606ED9}.Release|Any CPU.ActiveCfg = Release|Any CPU
		{6993D871-E99E-4302-B89F-0B9CBB606ED9}.Release|Any CPU.Build.0 = Release|Any CPU
		{7B484320-98EA-47F3-8015-7B0B9C55417D}.Debug|Any CPU.ActiveCfg = Debug|Any CPU
		{7B484320-98EA-47F3-8015-7B0B9C55417D}.Debug|Any CPU.Build.0 = Debug|Any CPU
		{7B484320-98EA-47F3-8015-7B0B9C55417D}.Release|Any CPU.ActiveCfg = Release|Any CPU
		{7B484320-98EA-47F3-8015-7B0B9C55417D}.Release|Any CPU.Build.0 = Release|Any CPU
	EndGlobalSection
	GlobalSection(SolutionProperties) = preSolution
		HideSolutionNode = FALSE
	EndGlobalSection
EndGlobal
